
Microsoft Visual Studio Solution File, Format Version 12.00
# Visual Studio Version 16
VisualStudioVersion = 16.0.30709.132
MinimumVisualStudioVersion = 10.0.40219.1
Project("{FAE04EC0-301F-11D3-BF4B-00C04F79EFBC}") = "IntentBug.Android", "IntentBug\IntentBug.Android\IntentBug.Android.csproj", "{C61FEB79-7166-43E0-BFA0-610B7AF6708B}"
EndProject
Project("{FAE04EC0-301F-11D3-BF4B-00C04F79EFBC}") = "IntentBug", "IntentBug\IntentBug\IntentBug.csproj", "{22A81FD1-AEAD-40EA-A56A-71A4B23320AA}"
EndProject
Global
	GlobalSection(SolutionConfigurationPlatforms) = preSolution
		Debug|Any CPU = Debug|Any CPU
		Release|Any CPU = Release|Any CPU
	EndGlobalSection
	GlobalSection(ProjectConfigurationPlatforms) = postSolution
		{C61FEB79-7166-43E0-BFA0-610B7AF6708B}.Debug|Any CPU.ActiveCfg = Debug|Any CPU
		{C61FEB79-7166-43E0-BFA0-610B7AF6708B}.Debug|Any CPU.Build.0 = Debug|Any CPU
		{C61FEB79-7166-43E0-BFA0-610B7AF6708B}.Debug|Any CPU.Deploy.0 = Debug|Any CPU
		{C61FEB79-7166-43E0-BFA0-610B7AF6708B}.Release|Any CPU.ActiveCfg = Release|Any CPU
		{C61FEB79-7166-43E0-BFA0-610B7AF6708B}.Release|Any CPU.Build.0 = Release|Any CPU
		{C61FEB79-7166-43E0-BFA0-610B7AF6708B}.Release|Any CPU.Deploy.0 = Release|Any CPU
		{22A81FD1-AEAD-40EA-A56A-71A4B23320AA}.Debug|Any CPU.ActiveCfg = Debug|Any CPU
		{22A81FD1-AEAD-40EA-A56A-71A4B23320AA}.Debug|Any CPU.Build.0 = Debug|Any CPU
		{22A81FD1-AEAD-40EA-A56A-71A4B23320AA}.Debug|Any CPU.Deploy.0 = Debug|Any CPU
		{22A81FD1-AEAD-40EA-A56A-71A4B23320AA}.Release|Any CPU.ActiveCfg = Release|Any CPU
		{22A81FD1-AEAD-40EA-A56A-71A4B23320AA}.Release|Any CPU.Build.0 = Release|Any CPU
		{22A81FD1-AEAD-40EA-A56A-71A4B23320AA}.Release|Any CPU.Deploy.0 = Release|Any CPU
	EndGlobalSection
	GlobalSection(SolutionProperties) = preSolution
		HideSolutionNode = FALSE
	EndGlobalSection
	GlobalSection(ExtensibilityGlobals) = postSolution
		SolutionGuid = {906968EF-4652-475B-A466-2BBFF1CEC18C}
	EndGlobalSection
EndGlobal
